
Microsoft Visual Studio Solution File, Format Version 12.00
# Visual Studio Version 16
VisualStudioVersion = 16.0.31019.35
MinimumVisualStudioVersion = 10.0.40219.1
Project("{FAE04EC0-301F-11D3-BF4B-00C04F79EFBC}") = "demo DayTime timeSpan", "demo DayTime timeSpan\demo DayTime timeSpan.csproj", "{1C609AAB-A349-4765-A4A3-EB8E7099D0F6}"
EndProject
Global
	GlobalSection(SolutionConfigurationPlatforms) = preSolution
		Debug|Any CPU = Debug|Any CPU
		Release|Any CPU = Release|Any CPU
	EndGlobalSection
	GlobalSection(ProjectConfigurationPlatforms) = postSolution
		{1C609AAB-A349-4765-A4A3-EB8E7099D0F6}.Debug|Any CPU.ActiveCfg = Debug|Any CPU
		{1C609AAB-A349-4765-A4A3-EB8E7099D0F6}.Debug|Any CPU.Build.0 = Debug|Any CPU
		{1C609AAB-A349-4765-A4A3-EB8E7099D0F6}.Release|Any CPU.ActiveCfg = Release|Any CPU
		{1C609AAB-A349-4765-A4A3-EB8E7099D0F6}.Release|Any CPU.Build.0 = Release|Any CPU
	EndGlobalSection
	GlobalSection(SolutionProperties) = preSolution
		HideSolutionNode = FALSE
	EndGlobalSection
	GlobalSection(ExtensibilityGlobals) = postSolution
		SolutionGuid = {FBBC0025-31B2-4D85-AC25-DD3F4466387B}
	EndGlobalSection
EndGlobal
