
Microsoft Visual Studio Solution File, Format Version 12.00
# Visual Studio Version 16
VisualStudioVersion = 16.0.31019.35
MinimumVisualStudioVersion = 10.0.40219.1
Project("{FAE04EC0-301F-11D3-BF4B-00C04F79EFBC}") = "Different types of arrays part 2", "Different types of arrays part 2\Different types of arrays part 2.csproj", "{AF13969A-54D2-4E74-BAB5-1324CB4913CA}"
EndProject
Global
	GlobalSection(SolutionConfigurationPlatforms) = preSolution
		Debug|Any CPU = Debug|Any CPU
		Release|Any CPU = Release|Any CPU
	EndGlobalSection
	GlobalSection(ProjectConfigurationPlatforms) = postSolution
		{AF13969A-54D2-4E74-BAB5-1324CB4913CA}.Debug|Any CPU.ActiveCfg = Debug|Any CPU
		{AF13969A-54D2-4E74-BAB5-1324CB4913CA}.Debug|Any CPU.Build.0 = Debug|Any CPU
		{AF13969A-54D2-4E74-BAB5-1324CB4913CA}.Release|Any CPU.ActiveCfg = Release|Any CPU
		{AF13969A-54D2-4E74-BAB5-1324CB4913CA}.Release|Any CPU.Build.0 = Release|Any CPU
	EndGlobalSection
	GlobalSection(SolutionProperties) = preSolution
		HideSolutionNode = FALSE
	EndGlobalSection
	GlobalSection(ExtensibilityGlobals) = postSolution
		SolutionGuid = {8C48AD98-8E9D-4FD7-937E-2D11CDB9DC21}
	EndGlobalSection
EndGlobal
