
Microsoft Visual Studio Solution File, Format Version 12.00
# Visual Studio Version 16
VisualStudioVersion = 16.0.31019.35
MinimumVisualStudioVersion = 10.0.40219.1
Project("{FAE04EC0-301F-11D3-BF4B-00C04F79EFBC}") = "Different types of matrix", "Different types of matrix\Different types of matrix.csproj", "{342F97F3-6489-47E8-A666-3499FC486481}"
EndProject
Global
	GlobalSection(SolutionConfigurationPlatforms) = preSolution
		Debug|Any CPU = Debug|Any CPU
		Release|Any CPU = Release|Any CPU
	EndGlobalSection
	GlobalSection(ProjectConfigurationPlatforms) = postSolution
		{342F97F3-6489-47E8-A666-3499FC486481}.Debug|Any CPU.ActiveCfg = Debug|Any CPU
		{342F97F3-6489-47E8-A666-3499FC486481}.Debug|Any CPU.Build.0 = Debug|Any CPU
		{342F97F3-6489-47E8-A666-3499FC486481}.Release|Any CPU.ActiveCfg = Release|Any CPU
		{342F97F3-6489-47E8-A666-3499FC486481}.Release|Any CPU.Build.0 = Release|Any CPU
	EndGlobalSection
	GlobalSection(SolutionProperties) = preSolution
		HideSolutionNode = FALSE
	EndGlobalSection
	GlobalSection(ExtensibilityGlobals) = postSolution
		SolutionGuid = {753DE614-5639-4D31-8DA0-67AC9E302940}
	EndGlobalSection
EndGlobal
