
Microsoft Visual Studio Solution File, Format Version 12.00
# Visual Studio Version 16
VisualStudioVersion = 16.0.31019.35
MinimumVisualStudioVersion = 10.0.40219.1
Project("{FAE04EC0-301F-11D3-BF4B-00C04F79EFBC}") = "FileStream_", "FileStream_\FileStream_.csproj", "{E1BD0AB1-A158-40AC-9A50-B4CB8BBF3DEB}"
EndProject
Project("{FAE04EC0-301F-11D3-BF4B-00C04F79EFBC}") = "Student", "Student\Student.csproj", "{1406B5F8-5657-41E0-8E81-FE9751D5C19C}"
EndProject
Project("{FAE04EC0-301F-11D3-BF4B-00C04F79EFBC}") = "BinaryWriter", "BinaryWriter\BinaryWriter.csproj", "{2D5098F2-9075-4047-8D6C-3B97D1C7E833}"
EndProject
Project("{FAE04EC0-301F-11D3-BF4B-00C04F79EFBC}") = "StreamReader", "StreamReader\StreamReader.csproj", "{6AE1F8FE-84BD-4022-95F1-69D2AA74C428}"
EndProject
Project("{FAE04EC0-301F-11D3-BF4B-00C04F79EFBC}") = "Class file", "Class file\Class file.csproj", "{23B6A9DD-6AB2-4120-A542-441E6F736219}"
EndProject
Global
	GlobalSection(SolutionConfigurationPlatforms) = preSolution
		Debug|Any CPU = Debug|Any CPU
		Release|Any CPU = Release|Any CPU
	EndGlobalSection
	GlobalSection(ProjectConfigurationPlatforms) = postSolution
		{E1BD0AB1-A158-40AC-9A50-B4CB8BBF3DEB}.Debug|Any CPU.ActiveCfg = Debug|Any CPU
		{E1BD0AB1-A158-40AC-9A50-B4CB8BBF3DEB}.Debug|Any CPU.Build.0 = Debug|Any CPU
		{E1BD0AB1-A158-40AC-9A50-B4CB8BBF3DEB}.Release|Any CPU.ActiveCfg = Release|Any CPU
		{E1BD0AB1-A158-40AC-9A50-B4CB8BBF3DEB}.Release|Any CPU.Build.0 = Release|Any CPU
		{1406B5F8-5657-41E0-8E81-FE9751D5C19C}.Debug|Any CPU.ActiveCfg = Debug|Any CPU
		{1406B5F8-5657-41E0-8E81-FE9751D5C19C}.Debug|Any CPU.Build.0 = Debug|Any CPU
		{1406B5F8-5657-41E0-8E81-FE9751D5C19C}.Release|Any CPU.ActiveCfg = Release|Any CPU
		{1406B5F8-5657-41E0-8E81-FE9751D5C19C}.Release|Any CPU.Build.0 = Release|Any CPU
		{2D5098F2-9075-4047-8D6C-3B97D1C7E833}.Debug|Any CPU.ActiveCfg = Debug|Any CPU
		{2D5098F2-9075-4047-8D6C-3B97D1C7E833}.Debug|Any CPU.Build.0 = Debug|Any CPU
		{2D5098F2-9075-4047-8D6C-3B97D1C7E833}.Release|Any CPU.ActiveCfg = Release|Any CPU
		{2D5098F2-9075-4047-8D6C-3B97D1C7E833}.Release|Any CPU.Build.0 = Release|Any CPU
		{6AE1F8FE-84BD-4022-95F1-69D2AA74C428}.Debug|Any CPU.ActiveCfg = Debug|Any CPU
		{6AE1F8FE-84BD-4022-95F1-69D2AA74C428}.Debug|Any CPU.Build.0 = Debug|Any CPU
		{6AE1F8FE-84BD-4022-95F1-69D2AA74C428}.Release|Any CPU.ActiveCfg = Release|Any CPU
		{6AE1F8FE-84BD-4022-95F1-69D2AA74C428}.Release|Any CPU.Build.0 = Release|Any CPU
		{23B6A9DD-6AB2-4120-A542-441E6F736219}.Debug|Any CPU.ActiveCfg = Debug|Any CPU
		{23B6A9DD-6AB2-4120-A542-441E6F736219}.Debug|Any CPU.Build.0 = Debug|Any CPU
		{23B6A9DD-6AB2-4120-A542-441E6F736219}.Release|Any CPU.ActiveCfg = Release|Any CPU
		{23B6A9DD-6AB2-4120-A542-441E6F736219}.Release|Any CPU.Build.0 = Release|Any CPU
	EndGlobalSection
	GlobalSection(SolutionProperties) = preSolution
		HideSolutionNode = FALSE
	EndGlobalSection
	GlobalSection(ExtensibilityGlobals) = postSolution
		SolutionGuid = {CD1506B3-1534-4802-A408-30563CD3586A}
	EndGlobalSection
EndGlobal
