
Microsoft Visual Studio Solution File, Format Version 12.00
# Visual Studio Version 16
VisualStudioVersion = 16.0.31019.35
MinimumVisualStudioVersion = 10.0.40219.1
Project("{FAE04EC0-301F-11D3-BF4B-00C04F79EFBC}") = "Inheritance .NET Core", "Inheritance .NET Core\Inheritance .NET Core.csproj", "{34E2C289-8AF0-4E38-BB37-8917065DFC0F}"
EndProject
Project("{FAE04EC0-301F-11D3-BF4B-00C04F79EFBC}") = "Use Vehicle", "Use Vehicle\Use Vehicle.csproj", "{E8C57591-6710-4B99-AFD6-2918CB353EEE}"
EndProject
Project("{FAE04EC0-301F-11D3-BF4B-00C04F79EFBC}") = "Virtual Method. Abstract Class", "Virtual Method. Abstract Class\Virtual Method. Abstract Class.csproj", "{25953A7F-27E6-43F9-8D17-771701A44EB2}"
EndProject
Project("{FAE04EC0-301F-11D3-BF4B-00C04F79EFBC}") = "Methods Extention", "Methods Extention\Methods Extention.csproj", "{4B8EE606-D5B1-4F63-8B2F-A95C025B601A}"
EndProject
Project("{FAE04EC0-301F-11D3-BF4B-00C04F79EFBC}") = "Interface_Demo", "Interface_Demo\Interface_Demo.csproj", "{753BE11C-E597-40BC-95C5-B26169746125}"
EndProject
Global
	GlobalSection(SolutionConfigurationPlatforms) = preSolution
		Debug|Any CPU = Debug|Any CPU
		Release|Any CPU = Release|Any CPU
	EndGlobalSection
	GlobalSection(ProjectConfigurationPlatforms) = postSolution
		{34E2C289-8AF0-4E38-BB37-8917065DFC0F}.Debug|Any CPU.ActiveCfg = Debug|Any CPU
		{34E2C289-8AF0-4E38-BB37-8917065DFC0F}.Debug|Any CPU.Build.0 = Debug|Any CPU
		{34E2C289-8AF0-4E38-BB37-8917065DFC0F}.Release|Any CPU.ActiveCfg = Release|Any CPU
		{34E2C289-8AF0-4E38-BB37-8917065DFC0F}.Release|Any CPU.Build.0 = Release|Any CPU
		{E8C57591-6710-4B99-AFD6-2918CB353EEE}.Debug|Any CPU.ActiveCfg = Debug|Any CPU
		{E8C57591-6710-4B99-AFD6-2918CB353EEE}.Debug|Any CPU.Build.0 = Debug|Any CPU
		{E8C57591-6710-4B99-AFD6-2918CB353EEE}.Release|Any CPU.ActiveCfg = Release|Any CPU
		{E8C57591-6710-4B99-AFD6-2918CB353EEE}.Release|Any CPU.Build.0 = Release|Any CPU
		{25953A7F-27E6-43F9-8D17-771701A44EB2}.Debug|Any CPU.ActiveCfg = Debug|Any CPU
		{25953A7F-27E6-43F9-8D17-771701A44EB2}.Debug|Any CPU.Build.0 = Debug|Any CPU
		{25953A7F-27E6-43F9-8D17-771701A44EB2}.Release|Any CPU.ActiveCfg = Release|Any CPU
		{25953A7F-27E6-43F9-8D17-771701A44EB2}.Release|Any CPU.Build.0 = Release|Any CPU
		{4B8EE606-D5B1-4F63-8B2F-A95C025B601A}.Debug|Any CPU.ActiveCfg = Debug|Any CPU
		{4B8EE606-D5B1-4F63-8B2F-A95C025B601A}.Debug|Any CPU.Build.0 = Debug|Any CPU
		{4B8EE606-D5B1-4F63-8B2F-A95C025B601A}.Release|Any CPU.ActiveCfg = Release|Any CPU
		{4B8EE606-D5B1-4F63-8B2F-A95C025B601A}.Release|Any CPU.Build.0 = Release|Any CPU
		{753BE11C-E597-40BC-95C5-B26169746125}.Debug|Any CPU.ActiveCfg = Debug|Any CPU
		{753BE11C-E597-40BC-95C5-B26169746125}.Debug|Any CPU.Build.0 = Debug|Any CPU
		{753BE11C-E597-40BC-95C5-B26169746125}.Release|Any CPU.ActiveCfg = Release|Any CPU
		{753BE11C-E597-40BC-95C5-B26169746125}.Release|Any CPU.Build.0 = Release|Any CPU
	EndGlobalSection
	GlobalSection(SolutionProperties) = preSolution
		HideSolutionNode = FALSE
	EndGlobalSection
	GlobalSection(ExtensibilityGlobals) = postSolution
		SolutionGuid = {867F2EB2-4CBD-4A9F-B41D-1A9F55ADEC4D}
	EndGlobalSection
EndGlobal
