
Microsoft Visual Studio Solution File, Format Version 12.00
# Visual Studio Version 16
VisualStudioVersion = 16.0.31019.35
MinimumVisualStudioVersion = 10.0.40219.1
Project("{FAE04EC0-301F-11D3-BF4B-00C04F79EFBC}") = "Serialization. XML. Json", "Serialization. XML. Json\Serialization. XML. Json.csproj", "{A505B4B1-28BE-4394-8FAE-03F444D89F13}"
EndProject
Project("{FAE04EC0-301F-11D3-BF4B-00C04F79EFBC}") = "Serialization. Test", "Serialization. Test\Serialization. Test.csproj", "{1D30F14B-24BE-4881-911A-400C3F9A8259}"
EndProject
Global
	GlobalSection(SolutionConfigurationPlatforms) = preSolution
		Debug|Any CPU = Debug|Any CPU
		Release|Any CPU = Release|Any CPU
	EndGlobalSection
	GlobalSection(ProjectConfigurationPlatforms) = postSolution
		{A505B4B1-28BE-4394-8FAE-03F444D89F13}.Debug|Any CPU.ActiveCfg = Debug|Any CPU
		{A505B4B1-28BE-4394-8FAE-03F444D89F13}.Debug|Any CPU.Build.0 = Debug|Any CPU
		{A505B4B1-28BE-4394-8FAE-03F444D89F13}.Release|Any CPU.ActiveCfg = Release|Any CPU
		{A505B4B1-28BE-4394-8FAE-03F444D89F13}.Release|Any CPU.Build.0 = Release|Any CPU
		{1D30F14B-24BE-4881-911A-400C3F9A8259}.Debug|Any CPU.ActiveCfg = Debug|Any CPU
		{1D30F14B-24BE-4881-911A-400C3F9A8259}.Debug|Any CPU.Build.0 = Debug|Any CPU
		{1D30F14B-24BE-4881-911A-400C3F9A8259}.Release|Any CPU.ActiveCfg = Release|Any CPU
		{1D30F14B-24BE-4881-911A-400C3F9A8259}.Release|Any CPU.Build.0 = Release|Any CPU
	EndGlobalSection
	GlobalSection(SolutionProperties) = preSolution
		HideSolutionNode = FALSE
	EndGlobalSection
	GlobalSection(ExtensibilityGlobals) = postSolution
		SolutionGuid = {3D4E2E78-6986-4CA6-88E7-F0A6FA67C3DF}
	EndGlobalSection
EndGlobal
