
Microsoft Visual Studio Solution File, Format Version 12.00
# Visual Studio Version 16
VisualStudioVersion = 16.0.31019.35
MinimumVisualStudioVersion = 10.0.40219.1
Project("{FAE04EC0-301F-11D3-BF4B-00C04F79EFBC}") = "Overload task 01", "Overload task 01\Overload task 01.csproj", "{CAF7AE48-3C10-4694-A2FA-23603F0B75B5}"
EndProject
Global
	GlobalSection(SolutionConfigurationPlatforms) = preSolution
		Debug|Any CPU = Debug|Any CPU
		Release|Any CPU = Release|Any CPU
	EndGlobalSection
	GlobalSection(ProjectConfigurationPlatforms) = postSolution
		{CAF7AE48-3C10-4694-A2FA-23603F0B75B5}.Debug|Any CPU.ActiveCfg = Debug|Any CPU
		{CAF7AE48-3C10-4694-A2FA-23603F0B75B5}.Debug|Any CPU.Build.0 = Debug|Any CPU
		{CAF7AE48-3C10-4694-A2FA-23603F0B75B5}.Release|Any CPU.ActiveCfg = Release|Any CPU
		{CAF7AE48-3C10-4694-A2FA-23603F0B75B5}.Release|Any CPU.Build.0 = Release|Any CPU
	EndGlobalSection
	GlobalSection(SolutionProperties) = preSolution
		HideSolutionNode = FALSE
	EndGlobalSection
	GlobalSection(ExtensibilityGlobals) = postSolution
		SolutionGuid = {1AAAB5E9-8755-45B2-B19F-9D8D94D9F377}
	EndGlobalSection
EndGlobal
